// !$*UTF8*$!
{
	archiveVersion = 1;
	classes = {
	};
	objectVersion = 77;
	objects = {

/* Begin PBXBuildFile section */
		328B121DCE398DA648017064 /* Pods_CommunityCapitalTests.framework in Frameworks */ = {isa = PBXBuildFile; fileRef = AE6C0984803E8201202F22E5 /* Pods_CommunityCapitalTests.framework */; };
		C9A47C9C2E44A6F000297B0C /* ComposableArchitecture in Frameworks */ = {isa = PBXBuildFile; productRef = C9A47C9B2E44A6F000297B0C /* ComposableArchitecture */; };
		F2DB16BE9C0477F7A1142BF5 /* Pods_CommunityCapital.framework in Frameworks */ = {isa = PBXBuildFile; fileRef = 0225962D9C55D6A1C56DFC72 /* Pods_CommunityCapital.framework */; };
/* End PBXBuildFile section */

/* Begin PBXContainerItemProxy section */
		C9A47C772E44A3E800297B0C /* PBXContainerItemProxy */ = {
			isa = PBXContainerItemProxy;
			containerPortal = C9A47C612E44A3E200297B0C /* Project object */;
			proxyType = 1;
			remoteGlobalIDString = C9A47C682E44A3E200297B0C;
			remoteInfo = CommunityCapital;
		};
		C9A47C812E44A3E800297B0C /* PBXContainerItemProxy */ = {
			isa = PBXContainerItemProxy;
			containerPortal = C9A47C612E44A3E200297B0C /* Project object */;
			proxyType = 1;
			remoteGlobalIDString = C9A47C682E44A3E200297B0C;
			remoteInfo = CommunityCapital;
		};
/* End PBXContainerItemProxy section */

/* Begin PBXFileReference section */
		0225962D9C55D6A1C56DFC72 /* Pods_CommunityCapital.framework */ = {isa = PBXFileReference; explicitFileType = wrapper.framework; includeInIndex = 0; path = Pods_CommunityCapital.framework; sourceTree = BUILT_PRODUCTS_DIR; };
		25BEA8C215AB7C6957C6A85E /* Pods-CommunityCapital.release.xcconfig */ = {isa = PBXFileReference; includeInIndex = 1; lastKnownFileType = text.xcconfig; name = "Pods-CommunityCapital.release.xcconfig"; path = "Target Support Files/Pods-CommunityCapital/Pods-CommunityCapital.release.xcconfig"; sourceTree = "<group>"; };
		4670EA1AA0A29EFBAC2D48A9 /* Pods-CommunityCapital.debug.xcconfig */ = {isa = PBXFileReference; includeInIndex = 1; lastKnownFileType = text.xcconfig; name = "Pods-CommunityCapital.debug.xcconfig"; path = "Target Support Files/Pods-CommunityCapital/Pods-CommunityCapital.debug.xcconfig"; sourceTree = "<group>"; };
		AE6C0984803E8201202F22E5 /* Pods_CommunityCapitalTests.framework */ = {isa = PBXFileReference; explicitFileType = wrapper.framework; includeInIndex = 0; path = Pods_CommunityCapitalTests.framework; sourceTree = BUILT_PRODUCTS_DIR; };
		C9A47C692E44A3E200297B0C /* CommunityCapital.app */ = {isa = PBXFileReference; explicitFileType = wrapper.application; includeInIndex = 0; path = CommunityCapital.app; sourceTree = BUILT_PRODUCTS_DIR; };
		C9A47C762E44A3E800297B0C /* CommunityCapitalTests.xctest */ = {isa = PBXFileReference; explicitFileType = wrapper.cfbundle; includeInIndex = 0; path = CommunityCapitalTests.xctest; sourceTree = BUILT_PRODUCTS_DIR; };
		C9A47C802E44A3E800297B0C /* CommunityCapitalUITests.xctest */ = {isa = PBXFileReference; explicitFileType = wrapper.cfbundle; includeInIndex = 0; path = CommunityCapitalUITests.xctest; sourceTree = BUILT_PRODUCTS_DIR; };
		CC467E445EC014EAF27A5227 /* Pods-CommunityCapitalTests.release.xcconfig */ = {isa = PBXFileReference; includeInIndex = 1; lastKnownFileType = text.xcconfig; name = "Pods-CommunityCapitalTests.release.xcconfig"; path = "Target Support Files/Pods-CommunityCapitalTests/Pods-CommunityCapitalTests.release.xcconfig"; sourceTree = "<group>"; };
		E759C45A898D585E7642FA08 /* Pods-CommunityCapitalTests.debug.xcconfig */ = {isa = PBXFileReference; includeInIndex = 1; lastKnownFileType = text.xcconfig; name = "Pods-CommunityCapitalTests.debug.xcconfig"; path = "Target Support Files/Pods-CommunityCapitalTests/Pods-CommunityCapitalTests.debug.xcconfig"; sourceTree = "<group>"; };
/* End PBXFileReference section */

/* Begin PBXFileSystemSynchronizedBuildFileExceptionSet section */
		C9E8661B2E4579720066CAFA /* Exceptions for "CommunityCapital" folder in "CommunityCapital" target */ = {
			isa = PBXFileSystemSynchronizedBuildFileExceptionSet;
			membershipExceptions = (
				Resources/Info.plist,
			);
			target = C9A47C682E44A3E200297B0C /* CommunityCapital */;
		};
/* End PBXFileSystemSynchronizedBuildFileExceptionSet section */

/* Begin PBXFileSystemSynchronizedRootGroup section */
		C9A47C6B2E44A3E200297B0C /* CommunityCapital */ = {
			isa = PBXFileSystemSynchronizedRootGroup;
			exceptions = (
				C9E8661B2E4579720066CAFA /* Exceptions for "CommunityCapital" folder in "CommunityCapital" target */,
			);
			path = CommunityCapital;
			sourceTree = "<group>";
		};
/* End PBXFileSystemSynchronizedRootGroup section */

/* Begin PBXFrameworksBuildPhase section */
		C9A47C662E44A3E200297B0C /* Frameworks */ = {
			isa = PBXFrameworksBuildPhase;
			buildActionMask = 2147483647;
			files = (
				C9A47C9C2E44A6F000297B0C /* ComposableArchitecture in Frameworks */,
				F2DB16BE9C0477F7A1142BF5 /* Pods_CommunityCapital.framework in Frameworks */,
			);
			runOnlyForDeploymentPostprocessing = 0;
		};
		C9A47C732E44A3E800297B0C /* Frameworks */ = {
			isa = PBXFrameworksBuildPhase;
			buildActionMask = 2147483647;
			files = (
				328B121DCE398DA648017064 /* Pods_CommunityCapitalTests.framework in Frameworks */,
			);
			runOnlyForDeploymentPostprocessing = 0;
		};
		C9A47C7D2E44A3E800297B0C /* Frameworks */ = {
			isa = PBXFrameworksBuildPhase;
			buildActionMask = 2147483647;
			files = (
			);
			runOnlyForDeploymentPostprocessing = 0;
		};
/* End PBXFrameworksBuildPhase section */

/* Begin PBXGroup section */
		C9A47C602E44A3E200297B0C = {
			isa = PBXGroup;
			children = (
				C9A47C6B2E44A3E200297B0C /* CommunityCapital */,
				C9A47C6A2E44A3E200297B0C /* Products */,
				E70BA960D86A17D9F9429D14 /* Pods */,
				F4C1500AED994E437D177A57 /* Frameworks */,
			);
			sourceTree = "<group>";
		};
		C9A47C6A2E44A3E200297B0C /* Products */ = {
			isa = PBXGroup;
			children = (
				C9A47C692E44A3E200297B0C /* CommunityCapital.app */,
				C9A47C762E44A3E800297B0C /* CommunityCapitalTests.xctest */,
				C9A47C802E44A3E800297B0C /* CommunityCapitalUITests.xctest */,
			);
			name = Products;
			sourceTree = "<group>";
		};
		E70BA960D86A17D9F9429D14 /* Pods */ = {
			isa = PBXGroup;
			children = (
				4670EA1AA0A29EFBAC2D48A9 /* Pods-CommunityCapital.debug.xcconfig */,
				25BEA8C215AB7C6957C6A85E /* Pods-CommunityCapital.release.xcconfig */,
				E759C45A898D585E7642FA08 /* Pods-CommunityCapitalTests.debug.xcconfig */,
				CC467E445EC014EAF27A5227 /* Pods-CommunityCapitalTests.release.xcconfig */,
			);
			name = Pods;
			path = ../Pods;
			sourceTree = "<group>";
		};
		F4C1500AED994E437D177A57 /* Frameworks */ = {
			isa = PBXGroup;
			children = (
				0225962D9C55D6A1C56DFC72 /* Pods_CommunityCapital.framework */,
				AE6C0984803E8201202F22E5 /* Pods_CommunityCapitalTests.framework */,
			);
			name = Frameworks;
			sourceTree = "<group>";
		};
/* End PBXGroup section */

/* Begin PBXNativeTarget section */
		C9A47C682E44A3E200297B0C /* CommunityCapital */ = {
			isa = PBXNativeTarget;
			buildConfigurationList = C9A47C8A2E44A3E800297B0C /* Build configuration list for PBXNativeTarget "CommunityCapital" */;
			buildPhases = (
				EA105A129BD00E343CF883DA /* [CP] Check Pods Manifest.lock */,
				C9A47C652E44A3E200297B0C /* Sources */,
				C9A47C662E44A3E200297B0C /* Frameworks */,
				C9A47C672E44A3E200297B0C /* Resources */,
				81FD70D7BCA916E074834632 /* [CP] Embed Pods Frameworks */,
			);
			buildRules = (
			);
			dependencies = (
			);
			fileSystemSynchronizedGroups = (
				C9A47C6B2E44A3E200297B0C /* CommunityCapital */,
			);
			name = CommunityCapital;
			packageProductDependencies = (
				C9A47C9B2E44A6F000297B0C /* ComposableArchitecture */,
			);
			productName = CommunityCapital;
			productReference = C9A47C692E44A3E200297B0C /* CommunityCapital.app */;
			productType = "com.apple.product-type.application";
		};
		C9A47C752E44A3E800297B0C /* CommunityCapitalTests */ = {
			isa = PBXNativeTarget;
			buildConfigurationList = C9A47C8D2E44A3E800297B0C /* Build configuration list for PBXNativeTarget "CommunityCapitalTests" */;
			buildPhases = (
				EAEBAC0D4A7FDA28332D7C54 /* [CP] Check Pods Manifest.lock */,
				C9A47C722E44A3E800297B0C /* Sources */,
				C9A47C732E44A3E800297B0C /* Frameworks */,
				C9A47C742E44A3E800297B0C /* Resources */,
				73B8DFE3CE92E75134FE62C7 /* [CP] Embed Pods Frameworks */,
			);
			buildRules = (
			);
			dependencies = (
				C9A47C782E44A3E800297B0C /* PBXTargetDependency */,
			);
			name = CommunityCapitalTests;
			productName = CommunityCapitalTests;
			productReference = C9A47C762E44A3E800297B0C /* CommunityCapitalTests.xctest */;
			productType = "com.apple.product-type.bundle.unit-test";
		};
		C9A47C7F2E44A3E800297B0C /* CommunityCapitalUITests */ = {
			isa = PBXNativeTarget;
			buildConfigurationList = C9A47C902E44A3E800297B0C /* Build configuration list for PBXNativeTarget "CommunityCapitalUITests" */;
			buildPhases = (
				C9A47C7C2E44A3E800297B0C /* Sources */,
				C9A47C7D2E44A3E800297B0C /* Frameworks */,
				C9A47C7E2E44A3E800297B0C /* Resources */,
			);
			buildRules = (
			);
			dependencies = (
				C9A47C822E44A3E800297B0C /* PBXTargetDependency */,
			);
			name = CommunityCapitalUITests;
			productName = CommunityCapitalUITests;
			productReference = C9A47C802E44A3E800297B0C /* CommunityCapitalUITests.xctest */;
			productType = "com.apple.product-type.bundle.ui-testing";
		};
/* End PBXNativeTarget section */

/* Begin PBXProject section */
		C9A47C612E44A3E200297B0C /* Project object */ = {
			isa = PBXProject;
			attributes = {
				BuildIndependentTargetsInParallel = 1;
				LastSwiftUpdateCheck = 1640;
				LastUpgradeCheck = 1640;
				TargetAttributes = {
					C9A47C682E44A3E200297B0C = {
						CreatedOnToolsVersion = 16.4;
					};
					C9A47C752E44A3E800297B0C = {
						CreatedOnToolsVersion = 16.4;
						TestTargetID = C9A47C682E44A3E200297B0C;
					};
					C9A47C7F2E44A3E800297B0C = {
						CreatedOnToolsVersion = 16.4;
						TestTargetID = C9A47C682E44A3E200297B0C;
					};
				};
			};
			buildConfigurationList = C9A47C642E44A3E200297B0C /* Build configuration list for PBXProject "CommunityCapital" */;
			developmentRegion = en;
			hasScannedForEncodings = 0;
			knownRegions = (
				en,
				Base,
			);
			mainGroup = C9A47C602E44A3E200297B0C;
			minimizedProjectReferenceProxies = 1;
			packageReferences = (
				C9A47C9A2E44A6F000297B0C /* XCRemoteSwiftPackageReference "swift-composable-architecture" */,
			);
			preferredProjectObjectVersion = 77;
			productRefGroup = C9A47C6A2E44A3E200297B0C /* Products */;
			projectDirPath = "";
			projectRoot = "";
			targets = (
				C9A47C682E44A3E200297B0C /* CommunityCapital */,
				C9A47C752E44A3E800297B0C /* CommunityCapitalTests */,
				C9A47C7F2E44A3E800297B0C /* CommunityCapitalUITests */,
			);
		};
/* End PBXProject section */

/* Begin PBXResourcesBuildPhase section */
		C9A47C672E44A3E200297B0C /* Resources */ = {
			isa = PBXResourcesBuildPhase;
			buildActionMask = 2147483647;
			files = (
			);
			runOnlyForDeploymentPostprocessing = 0;
		};
		C9A47C742E44A3E800297B0C /* Resources */ = {
			isa = PBXResourcesBuildPhase;
			buildActionMask = 2147483647;
			files = (
			);
			runOnlyForDeploymentPostprocessing = 0;
		};
		C9A47C7E2E44A3E800297B0C /* Resources */ = {
			isa = PBXResourcesBuildPhase;
			buildActionMask = 2147483647;
			files = (
			);
			runOnlyForDeploymentPostprocessing = 0;
		};
/* End PBXResourcesBuildPhase section */

/* Begin PBXShellScriptBuildPhase section */
		73B8DFE3CE92E75134FE62C7 /* [CP] Embed Pods Frameworks */ = {
			isa = PBXShellScriptBuildPhase;
			buildActionMask = 2147483647;
			files = (
			);
			inputFileListPaths = (
				"${PODS_ROOT}/Target Support Files/Pods-CommunityCapitalTests/Pods-CommunityCapitalTests-frameworks-${CONFIGURATION}-input-files.xcfilelist",
			);
			inputPaths = (
			);
			name = "[CP] Embed Pods Frameworks";
			outputFileListPaths = (
				"${PODS_ROOT}/Target Support Files/Pods-CommunityCapitalTests/Pods-CommunityCapitalTests-frameworks-${CONFIGURATION}-output-files.xcfilelist",
			);
			outputPaths = (
			);
			runOnlyForDeploymentPostprocessing = 0;
			shellPath = /bin/sh;
			shellScript = "\"${PODS_ROOT}/Target Support Files/Pods-CommunityCapitalTests/Pods-CommunityCapitalTests-frameworks.sh\"\n";
			showEnvVarsInLog = 0;
		};
		81FD70D7BCA916E074834632 /* [CP] Embed Pods Frameworks */ = {
			isa = PBXShellScriptBuildPhase;
			buildActionMask = 2147483647;
			files = (
			);
			inputFileListPaths = (
				"${PODS_ROOT}/Target Support Files/Pods-CommunityCapital/Pods-CommunityCapital-frameworks-${CONFIGURATION}-input-files.xcfilelist",
			);
			inputPaths = (
			);
			name = "[CP] Embed Pods Frameworks";
			outputFileListPaths = (
				"${PODS_ROOT}/Target Support Files/Pods-CommunityCapital/Pods-CommunityCapital-frameworks-${CONFIGURATION}-output-files.xcfilelist",
			);
			outputPaths = (
			);
			runOnlyForDeploymentPostprocessing = 0;
			shellPath = /bin/sh;
			shellScript = "\"${PODS_ROOT}/Target Support Files/Pods-CommunityCapital/Pods-CommunityCapital-frameworks.sh\"\n";
			showEnvVarsInLog = 0;
		};
		EA105A129BD00E343CF883DA /* [CP] Check Pods Manifest.lock */ = {
			isa = PBXShellScriptBuildPhase;
			buildActionMask = 2147483647;
			files = (
			);
			inputFileListPaths = (
			);
			inputPaths = (
				"${PODS_PODFILE_DIR_PATH}/Podfile.lock",
				"${PODS_ROOT}/Manifest.lock",
			);
			name = "[CP] Check Pods Manifest.lock";
			outputFileListPaths = (
			);
			outputPaths = (
				"$(DERIVED_FILE_DIR)/Pods-CommunityCapital-checkManifestLockResult.txt",
			);
			runOnlyForDeploymentPostprocessing = 0;
			shellPath = /bin/sh;
			shellScript = "diff \"${PODS_PODFILE_DIR_PATH}/Podfile.lock\" \"${PODS_ROOT}/Manifest.lock\" > /dev/null\nif [ $? != 0 ] ; then\n    # print error to STDERR\n    echo \"error: The sandbox is not in sync with the Podfile.lock. Run 'pod install' or update your CocoaPods installation.\" >&2\n    exit 1\nfi\n# This output is used by Xcode 'outputs' to avoid re-running this script phase.\necho \"SUCCESS\" > \"${SCRIPT_OUTPUT_FILE_0}\"\n";
			showEnvVarsInLog = 0;
		};
		EAEBAC0D4A7FDA28332D7C54 /* [CP] Check Pods Manifest.lock */ = {
			isa = PBXShellScriptBuildPhase;
			buildActionMask = 2147483647;
			files = (
			);
			inputFileListPaths = (
			);
			inputPaths = (
				"${PODS_PODFILE_DIR_PATH}/Podfile.lock",
				"${PODS_ROOT}/Manifest.lock",
			);
			name = "[CP] Check Pods Manifest.lock";
			outputFileListPaths = (
			);
			outputPaths = (
				"$(DERIVED_FILE_DIR)/Pods-CommunityCapitalTests-checkManifestLockResult.txt",
			);
			runOnlyForDeploymentPostprocessing = 0;
			shellPath = /bin/sh;
			shellScript = "diff \"${PODS_PODFILE_DIR_PATH}/Podfile.lock\" \"${PODS_ROOT}/Manifest.lock\" > /dev/null\nif [ $? != 0 ] ; then\n    # print error to STDERR\n    echo \"error: The sandbox is not in sync with the Podfile.lock. Run 'pod install' or update your CocoaPods installation.\" >&2\n    exit 1\nfi\n# This output is used by Xcode 'outputs' to avoid re-running this script phase.\necho \"SUCCESS\" > \"${SCRIPT_OUTPUT_FILE_0}\"\n";
			showEnvVarsInLog = 0;
		};
/* End PBXShellScriptBuildPhase section */

/* Begin PBXSourcesBuildPhase section */
		C9A47C652E44A3E200297B0C /* Sources */ = {
			isa = PBXSourcesBuildPhase;
			buildActionMask = 2147483647;
			files = (
			);
			runOnlyForDeploymentPostprocessing = 0;
		};
		C9A47C722E44A3E800297B0C /* Sources */ = {
			isa = PBXSourcesBuildPhase;
			buildActionMask = 2147483647;
			files = (
			);
			runOnlyForDeploymentPostprocessing = 0;
		};
		C9A47C7C2E44A3E800297B0C /* Sources */ = {
			isa = PBXSourcesBuildPhase;
			buildActionMask = 2147483647;
			files = (
			);
			runOnlyForDeploymentPostprocessing = 0;
		};
/* End PBXSourcesBuildPhase section */

/* Begin PBXTargetDependency section */
		C9A47C782E44A3E800297B0C /* PBXTargetDependency */ = {
			isa = PBXTargetDependency;
			target = C9A47C682E44A3E200297B0C /* CommunityCapital */;
			targetProxy = C9A47C772E44A3E800297B0C /* PBXContainerItemProxy */;
		};
		C9A47C822E44A3E800297B0C /* PBXTargetDependency */ = {
			isa = PBXTargetDependency;
			target = C9A47C682E44A3E200297B0C /* CommunityCapital */;
			targetProxy = C9A47C812E44A3E800297B0C /* PBXContainerItemProxy */;
		};
/* End PBXTargetDependency section */

/* Begin XCBuildConfiguration section */
		C9A47C882E44A3E800297B0C /* Debug */ = {
			isa = XCBuildConfiguration;
			buildSettings = {
				ALWAYS_SEARCH_USER_PATHS = NO;
				ASSETCATALOG_COMPILER_GENERATE_SWIFT_ASSET_SYMBOL_EXTENSIONS = YES;
				CLANG_ANALYZER_NONNULL = YES;
				CLANG_ANALYZER_NUMBER_OBJECT_CONVERSION = YES_AGGRESSIVE;
				CLANG_CXX_LANGUAGE_STANDARD = "gnu++20";
				CLANG_ENABLE_MODULES = YES;
				CLANG_ENABLE_OBJC_ARC = YES;
				CLANG_ENABLE_OBJC_WEAK = YES;
				CLANG_WARN_BLOCK_CAPTURE_AUTORELEASING = YES;
				CLANG_WARN_BOOL_CONVERSION = YES;
				CLANG_WARN_COMMA = YES;
				CLANG_WARN_CONSTANT_CONVERSION = YES;
				CLANG_WARN_DEPRECATED_OBJC_IMPLEMENTATIONS = YES;
				CLANG_WARN_DIRECT_OBJC_ISA_USAGE = YES_ERROR;
				CLANG_WARN_DOCUMENTATION_COMMENTS = YES;
				CLANG_WARN_EMPTY_BODY = YES;
				CLANG_WARN_ENUM_CONVERSION = YES;
				CLANG_WARN_INFINITE_RECURSION = YES;
				CLANG_WARN_INT_CONVERSION = YES;
				CLANG_WARN_NON_LITERAL_NULL_CONVERSION = YES;
				CLANG_WARN_OBJC_IMPLICIT_RETAIN_SELF = YES;
				CLANG_WARN_OBJC_LITERAL_CONVERSION = YES;
				CLANG_WARN_OBJC_ROOT_CLASS = YES_ERROR;
				CLANG_WARN_QUOTED_INCLUDE_IN_FRAMEWORK_HEADER = YES;
				CLANG_WARN_RANGE_LOOP_ANALYSIS = YES;
				CLANG_WARN_STRICT_PROTOTYPES = YES;
				CLANG_WARN_SUSPICIOUS_MOVE = YES;
				CLANG_WARN_UNGUARDED_AVAILABILITY = YES_AGGRESSIVE;
				CLANG_WARN_UNREACHABLE_CODE = YES;
				CLANG_WARN__DUPLICATE_METHOD_MATCH = YES;
				COPY_PHASE_STRIP = NO;
				DEBUG_INFORMATION_FORMAT = dwarf;
				ENABLE_STRICT_OBJC_MSGSEND = YES;
				ENABLE_TESTABILITY = YES;
				ENABLE_USER_SCRIPT_SANDBOXING = NO;
				GCC_C_LANGUAGE_STANDARD = gnu17;
				GCC_DYNAMIC_NO_PIC = NO;
				GCC_NO_COMMON_BLOCKS = YES;
				GCC_OPTIMIZATION_LEVEL = 0;
				GCC_PREPROCESSOR_DEFINITIONS = (
					"DEBUG=1",
					"$(inherited)",
				);
				GCC_WARN_64_TO_32_BIT_CONVERSION = YES;
				GCC_WARN_ABOUT_RETURN_TYPE = YES_ERROR;
				GCC_WARN_UNDECLARED_SELECTOR = YES;
				GCC_WARN_UNINITIALIZED_AUTOS = YES_AGGRESSIVE;
				GCC_WARN_UNUSED_FUNCTION = YES;
				GCC_WARN_UNUSED_VARIABLE = YES;
				IPHONEOS_DEPLOYMENT_TARGET = 18.5;
				LOCALIZATION_PREFERS_STRING_CATALOGS = YES;
				MTL_ENABLE_DEBUG_INFO = INCLUDE_SOURCE;
				MTL_FAST_MATH = YES;
				ONLY_ACTIVE_ARCH = YES;
				SDKROOT = iphoneos;
				SWIFT_ACTIVE_COMPILATION_CONDITIONS = "DEBUG $(inherited)";
				SWIFT_OPTIMIZATION_LEVEL = "-Onone";
			};
			name = Debug;
		};
		C9A47C892E44A3E800297B0C /* Release */ = {
			isa = XCBuildConfiguration;
			buildSettings = {
				ALWAYS_SEARCH_USER_PATHS = NO;
				ASSETCATALOG_COMPILER_GENERATE_SWIFT_ASSET_SYMBOL_EXTENSIONS = YES;
				CLANG_ANALYZER_NONNULL = YES;
				CLANG_ANALYZER_NUMBER_OBJECT_CONVERSION = YES_AGGRESSIVE;
				CLANG_CXX_LANGUAGE_STANDARD = "gnu++20";
				CLANG_ENABLE_MODULES = YES;
				CLANG_ENABLE_OBJC_ARC = YES;
				CLANG_ENABLE_OBJC_WEAK = YES;
				CLANG_WARN_BLOCK_CAPTURE_AUTORELEASING = YES;
				CLANG_WARN_BOOL_CONVERSION = YES;
				CLANG_WARN_COMMA = YES;
				CLANG_WARN_CONSTANT_CONVERSION = YES;
				CLANG_WARN_DEPRECATED_OBJC_IMPLEMENTATIONS = YES;
				CLANG_WARN_DIRECT_OBJC_ISA_USAGE = YES_ERROR;
				CLANG_WARN_DOCUMENTATION_COMMENTS = YES;
				CLANG_WARN_EMPTY_BODY = YES;
				CLANG_WARN_ENUM_CONVERSION = YES;
				CLANG_WARN_INFINITE_RECURSION = YES;
				CLANG_WARN_INT_CONVERSION = YES;
				CLANG_WARN_NON_LITERAL_NULL_CONVERSION = YES;
				CLANG_WARN_OBJC_IMPLICIT_RETAIN_SELF = YES;
				CLANG_WARN_OBJC_LITERAL_CONVERSION = YES;
				CLANG_WARN_OBJC_ROOT_CLASS = YES_ERROR;
				CLANG_WARN_QUOTED_INCLUDE_IN_FRAMEWORK_HEADER = YES;
				CLANG_WARN_RANGE_LOOP_ANALYSIS = YES;
				CLANG_WARN_STRICT_PROTOTYPES = YES;
				CLANG_WARN_SUSPICIOUS_MOVE = YES;
				CLANG_WARN_UNGUARDED_AVAILABILITY = YES_AGGRESSIVE;
				CLANG_WARN_UNREACHABLE_CODE = YES;
				CLANG_WARN__DUPLICATE_METHOD_MATCH = YES;
				COPY_PHASE_STRIP = NO;
				DEBUG_INFORMATION_FORMAT = "dwarf-with-dsym";
				ENABLE_NS_ASSERTIONS = NO;
				ENABLE_STRICT_OBJC_MSGSEND = YES;
				ENABLE_USER_SCRIPT_SANDBOXING = NO;
				GCC_C_LANGUAGE_STANDARD = gnu17;
				GCC_NO_COMMON_BLOCKS = YES;
				GCC_WARN_64_TO_32_BIT_CONVERSION = YES;
				GCC_WARN_ABOUT_RETURN_TYPE = YES_ERROR;
				GCC_WARN_UNDECLARED_SELECTOR = YES;
				GCC_WARN_UNINITIALIZED_AUTOS = YES_AGGRESSIVE;
				GCC_WARN_UNUSED_FUNCTION = YES;
				GCC_WARN_UNUSED_VARIABLE = YES;
				IPHONEOS_DEPLOYMENT_TARGET = 18.5;
				LOCALIZATION_PREFERS_STRING_CATALOGS = YES;
				MTL_ENABLE_DEBUG_INFO = NO;
				MTL_FAST_MATH = YES;
				SDKROOT = iphoneos;
				SWIFT_COMPILATION_MODE = wholemodule;
				VALIDATE_PRODUCT = YES;
			};
			name = Release;
		};
		C9A47C8B2E44A3E800297B0C /* Debug */ = {
			isa = XCBuildConfiguration;
			baseConfigurationReference = 4670EA1AA0A29EFBAC2D48A9 /* Pods-CommunityCapital.debug.xcconfig */;
			buildSettings = {
				ASSETCATALOG_COMPILER_APPICON_NAME = AppIcon;
				ASSETCATALOG_COMPILER_GLOBAL_ACCENT_COLOR_NAME = AccentColor;
				CODE_SIGN_STYLE = Automatic;
				CURRENT_PROJECT_VERSION = 1;
				ENABLE_PREVIEWS = YES;
				ENABLE_USER_SCRIPT_SANDBOXING = NO;
				GENERATE_INFOPLIST_FILE = YES;
				INFOPLIST_FILE = CommunityCapital/Resources/Info.plist;
				INFOPLIST_KEY_NSCameraUsageDescription = "Community Capital needs camera access to scan receipts";
				INFOPLIST_KEY_NSFaceIDUsageDescription = "Authenticate payments securely with Face ID";
				INFOPLIST_KEY_NSPhotoLibraryUsageDescription = "Community Capital needs photo access to select receipt images";
				INFOPLIST_KEY_UIApplicationSceneManifest_Generation = YES;
				INFOPLIST_KEY_UIApplicationSupportsIndirectInputEvents = YES;
				INFOPLIST_KEY_UILaunchScreen_Generation = YES;
				INFOPLIST_KEY_UISupportedInterfaceOrientations_iPad = "UIInterfaceOrientationPortrait UIInterfaceOrientationPortraitUpsideDown UIInterfaceOrientationLandscapeLeft UIInterfaceOrientationLandscapeRight";
				INFOPLIST_KEY_UISupportedInterfaceOrientations_iPhone = "UIInterfaceOrientationPortrait UIInterfaceOrientationLandscapeLeft UIInterfaceOrientationLandscapeRight";
				IPHONEOS_DEPLOYMENT_TARGET = 16.6;
				LD_RUNPATH_SEARCH_PATHS = (
					"$(inherited)",
					"@executable_path/Frameworks",
				);
				MARKETING_VERSION = 1.0;
				PRODUCT_BUNDLE_IDENTIFIER = com.mattwiller.CommunityCapital;
				PRODUCT_NAME = "$(TARGET_NAME)";
				SWIFT_EMIT_LOC_STRINGS = YES;
				SWIFT_VERSION = 5.0;
				TARGETED_DEVICE_FAMILY = "1,2";
			};
			name = Debug;
		};
		C9A47C8C2E44A3E800297B0C /* Release */ = {
			isa = XCBuildConfiguration;
			baseConfigurationReference = 25BEA8C215AB7C6957C6A85E /* Pods-CommunityCapital.release.xcconfig */;
			buildSettings = {
				ASSETCATALOG_COMPILER_APPICON_NAME = AppIcon;
				ASSETCATALOG_COMPILER_GLOBAL_ACCENT_COLOR_NAME = AccentColor;
				CODE_SIGN_STYLE = Automatic;
				CURRENT_PROJECT_VERSION = 1;
				ENABLE_PREVIEWS = YES;
				ENABLE_USER_SCRIPT_SANDBOXING = NO;
				GENERATE_INFOPLIST_FILE = YES;
				INFOPLIST_FILE = CommunityCapital/Resources/Info.plist;
				INFOPLIST_KEY_NSCameraUsageDescription = "Community Capital needs camera access to scan receipts";
				INFOPLIST_KEY_NSFaceIDUsageDescription = "Authenticate payments securely with Face ID";
				INFOPLIST_KEY_NSPhotoLibraryUsageDescription = "Community Capital needs photo access to select receipt images";
				INFOPLIST_KEY_UIApplicationSceneManifest_Generation = YES;
				INFOPLIST_KEY_UIApplicationSupportsIndirectInputEvents = YES;
				INFOPLIST_KEY_UILaunchScreen_Generation = YES;
				INFOPLIST_KEY_UISupportedInterfaceOrientations_iPad = "UIInterfaceOrientationPortrait UIInterfaceOrientationPortraitUpsideDown UIInterfaceOrientationLandscapeLeft UIInterfaceOrientationLandscapeRight";
				INFOPLIST_KEY_UISupportedInterfaceOrientations_iPhone = "UIInterfaceOrientationPortrait UIInterfaceOrientationLandscapeLeft UIInterfaceOrientationLandscapeRight";
				IPHONEOS_DEPLOYMENT_TARGET = 16.6;
				LD_RUNPATH_SEARCH_PATHS = (
					"$(inherited)",
					"@executable_path/Frameworks",
				);
				MARKETING_VERSION = 1.0;
				PRODUCT_BUNDLE_IDENTIFIER = com.mattwiller.CommunityCapital;
				PRODUCT_NAME = "$(TARGET_NAME)";
				SWIFT_EMIT_LOC_STRINGS = YES;
				SWIFT_VERSION = 5.0;
				TARGETED_DEVICE_FAMILY = "1,2";
			};
			name = Release;
		};
		C9A47C8E2E44A3E800297B0C /* Debug */ = {
			isa = XCBuildConfiguration;
			baseConfigurationReference = E759C45A898D585E7642FA08 /* Pods-CommunityCapitalTests.debug.xcconfig */;
			buildSettings = {
				BUNDLE_LOADER = "$(TEST_HOST)";
				CODE_SIGN_STYLE = Automatic;
				CURRENT_PROJECT_VERSION = 1;
				GENERATE_INFOPLIST_FILE = YES;
				IPHONEOS_DEPLOYMENT_TARGET = 16.6;
				MARKETING_VERSION = 1.0;
				PRODUCT_BUNDLE_IDENTIFIER = com.mattwiller.CommunityCapitalTests;
				PRODUCT_NAME = "$(TARGET_NAME)";
				SWIFT_EMIT_LOC_STRINGS = NO;
				SWIFT_VERSION = 5.0;
				TARGETED_DEVICE_FAMILY = "1,2";
				TEST_HOST = "$(BUILT_PRODUCTS_DIR)/CommunityCapital.app/$(BUNDLE_EXECUTABLE_FOLDER_PATH)/CommunityCapital";
			};
			name = Debug;
		};
		C9A47C8F2E44A3E800297B0C /* Release */ = {
			isa = XCBuildConfiguration;
			baseConfigurationReference = CC467E445EC014EAF27A5227 /* Pods-CommunityCapitalTests.release.xcconfig */;
			buildSettings = {
				BUNDLE_LOADER = "$(TEST_HOST)";
				CODE_SIGN_STYLE = Automatic;
				CURRENT_PROJECT_VERSION = 1;
				GENERATE_INFOPLIST_FILE = YES;
				IPHONEOS_DEPLOYMENT_TARGET = 16.6;
				MARKETING_VERSION = 1.0;
				PRODUCT_BUNDLE_IDENTIFIER = com.mattwiller.CommunityCapitalTests;
				PRODUCT_NAME = "$(TARGET_NAME)";
				SWIFT_EMIT_LOC_STRINGS = NO;
				SWIFT_VERSION = 5.0;
				TARGETED_DEVICE_FAMILY = "1,2";
				TEST_HOST = "$(BUILT_PRODUCTS_DIR)/CommunityCapital.app/$(BUNDLE_EXECUTABLE_FOLDER_PATH)/CommunityCapital";
			};
			name = Release;
		};
		C9A47C912E44A3E800297B0C /* Debug */ = {
			isa = XCBuildConfiguration;
			buildSettings = {
				CODE_SIGN_STYLE = Automatic;
				CURRENT_PROJECT_VERSION = 1;
				GENERATE_INFOPLIST_FILE = YES;
				IPHONEOS_DEPLOYMENT_TARGET = 16.6;
				MARKETING_VERSION = 1.0;
				PRODUCT_BUNDLE_IDENTIFIER = com.mattwiller.CommunityCapitalUITests;
				PRODUCT_NAME = "$(TARGET_NAME)";
				SWIFT_EMIT_LOC_STRINGS = NO;
				SWIFT_VERSION = 5.0;
				TARGETED_DEVICE_FAMILY = "1,2";
				TEST_TARGET_NAME = CommunityCapital;
			};
			name = Debug;
		};
		C9A47C922E44A3E800297B0C /* Release */ = {
			isa = XCBuildConfiguration;
			buildSettings = {
				CODE_SIGN_STYLE = Automatic;
				CURRENT_PROJECT_VERSION = 1;
				GENERATE_INFOPLIST_FILE = YES;
				IPHONEOS_DEPLOYMENT_TARGET = 16.6;
				MARKETING_VERSION = 1.0;
				PRODUCT_BUNDLE_IDENTIFIER = com.mattwiller.CommunityCapitalUITests;
				PRODUCT_NAME = "$(TARGET_NAME)";
				SWIFT_EMIT_LOC_STRINGS = NO;
				SWIFT_VERSION = 5.0;
				TARGETED_DEVICE_FAMILY = "1,2";
				TEST_TARGET_NAME = CommunityCapital;
			};
			name = Release;
		};
/* End XCBuildConfiguration section */

/* Begin XCConfigurationList section */
		C9A47C642E44A3E200297B0C /* Build configuration list for PBXProject "CommunityCapital" */ = {
			isa = XCConfigurationList;
			buildConfigurations = (
				C9A47C882E44A3E800297B0C /* Debug */,
				C9A47C892E44A3E800297B0C /* Release */,
			);
			defaultConfigurationIsVisible = 0;
			defaultConfigurationName = Release;
		};
		C9A47C8A2E44A3E800297B0C /* Build configuration list for PBXNativeTarget "CommunityCapital" */ = {
			isa = XCConfigurationList;
			buildConfigurations = (
				C9A47C8B2E44A3E800297B0C /* Debug */,
				C9A47C8C2E44A3E800297B0C /* Release */,
			);
			defaultConfigurationIsVisible = 0;
			defaultConfigurationName = Release;
		};
		C9A47C8D2E44A3E800297B0C /* Build configuration list for PBXNativeTarget "CommunityCapitalTests" */ = {
			isa = XCConfigurationList;
			buildConfigurations = (
				C9A47C8E2E44A3E800297B0C /* Debug */,
				C9A47C8F2E44A3E800297B0C /* Release */,
			);
			defaultConfigurationIsVisible = 0;
			defaultConfigurationName = Release;
		};
		C9A47C902E44A3E800297B0C /* Build configuration list for PBXNativeTarget "CommunityCapitalUITests" */ = {
			isa = XCConfigurationList;
			buildConfigurations = (
				C9A47C912E44A3E800297B0C /* Debug */,
				C9A47C922E44A3E800297B0C /* Release */,
			);
			defaultConfigurationIsVisible = 0;
			defaultConfigurationName = Release;
		};
/* End XCConfigurationList section */

/* Begin XCRemoteSwiftPackageReference section */
		C9A47C9A2E44A6F000297B0C /* XCRemoteSwiftPackageReference "swift-composable-architecture" */ = {
			isa = XCRemoteSwiftPackageReference;
			repositoryURL = "https://github.com/pointfreeco/swift-composable-architecture";
			requirement = {
				kind = upToNextMajorVersion;
				minimumVersion = 1.21.1;
			};
		};
/* End XCRemoteSwiftPackageReference section */

/* Begin XCSwiftPackageProductDependency section */
		C9A47C9B2E44A6F000297B0C /* ComposableArchitecture */ = {
			isa = XCSwiftPackageProductDependency;
			package = C9A47C9A2E44A6F000297B0C /* XCRemoteSwiftPackageReference "swift-composable-architecture" */;
			productName = ComposableArchitecture;
		};
/* End XCSwiftPackageProductDependency section */
	};
	rootObject = C9A47C612E44A3E200297B0C /* Project object */;
}
